
Microsoft Visual Studio Solution File, Format Version 12.00
# Visual Studio 15
Project("{FAE04EC0-301F-11D3-BF4B-00C04F79EFBC}") = "Assembly-CSharp", "Assembly-CSharp.csproj", "{E51E5211-1620-E6BB-9299-5108C65CDFBA}"
EndProject
Global
	GlobalSection(SolutionConfigurationPlatforms) = preSolution
		Debug|Any CPU = Debug|Any CPU
		Release|Any CPU = Release|Any CPU
	EndGlobalSection
	GlobalSection(ProjectConfigurationPlatforms) = postSolution
		{E51E5211-1620-E6BB-9299-5108C65CDFBA}.Debug|Any CPU.ActiveCfg = Debug|Any CPU
		{E51E5211-1620-E6BB-9299-5108C65CDFBA}.Debug|Any CPU.Build.0 = Debug|Any CPU
		{E51E5211-1620-E6BB-9299-5108C65CDFBA}.Release|Any CPU.ActiveCfg = Release|Any CPU
		{E51E5211-1620-E6BB-9299-5108C65CDFBA}.Release|Any CPU.Build.0 = Release|Any CPU
	EndGlobalSection
	GlobalSection(SolutionProperties) = preSolution
		HideSolutionNode = FALSE
	EndGlobalSection
EndGlobal
